
Microsoft Visual Studio Solution File, Format Version 12.00
# Visual Studio Version 17
VisualStudioVersion = 17.3.32825.248
MinimumVisualStudioVersion = 10.0.40219.1
Project("{FAE04EC0-301F-11D3-BF4B-00C04F79EFBC}") = "StubWinUI3Desktop", "StubWinUI3Desktop\StubWinUI3Desktop.csproj", "{DF50A928-D5CC-4520-B0ED-ABA69245030F}"
EndProject
Global
	GlobalSection(SolutionConfigurationPlatforms) = preSolution
		Debug|arm64 = Debug|arm64
		Debug|x64 = Debug|x64
		Debug|x86 = Debug|x86
		Release|arm64 = Release|arm64
		Release|x64 = Release|x64
		Release|x86 = Release|x86
	EndGlobalSection
	GlobalSection(ProjectConfigurationPlatforms) = postSolution
		{DF50A928-D5CC-4520-B0ED-ABA69245030F}.Debug|arm64.ActiveCfg = Debug|arm64
		{DF50A928-D5CC-4520-B0ED-ABA69245030F}.Debug|arm64.Build.0 = Debug|arm64
		{DF50A928-D5CC-4520-B0ED-ABA69245030F}.Debug|arm64.Deploy.0 = Debug|arm64
		{DF50A928-D5CC-4520-B0ED-ABA69245030F}.Debug|x64.ActiveCfg = Debug|x64
		{DF50A928-D5CC-4520-B0ED-ABA69245030F}.Debug|x64.Build.0 = Debug|x64
		{DF50A928-D5CC-4520-B0ED-ABA69245030F}.Debug|x64.Deploy.0 = Debug|x64
		{DF50A928-D5CC-4520-B0ED-ABA69245030F}.Debug|x86.ActiveCfg = Debug|x86
		{DF50A928-D5CC-4520-B0ED-ABA69245030F}.Debug|x86.Build.0 = Debug|x86
		{DF50A928-D5CC-4520-B0ED-ABA69245030F}.Debug|x86.Deploy.0 = Debug|x86
		{DF50A928-D5CC-4520-B0ED-ABA69245030F}.Release|arm64.ActiveCfg = Release|arm64
		{DF50A928-D5CC-4520-B0ED-ABA69245030F}.Release|arm64.Build.0 = Release|arm64
		{DF50A928-D5CC-4520-B0ED-ABA69245030F}.Release|arm64.Deploy.0 = Release|arm64
		{DF50A928-D5CC-4520-B0ED-ABA69245030F}.Release|x64.ActiveCfg = Release|x64
		{DF50A928-D5CC-4520-B0ED-ABA69245030F}.Release|x64.Build.0 = Release|x64
		{DF50A928-D5CC-4520-B0ED-ABA69245030F}.Release|x64.Deploy.0 = Release|x64
		{DF50A928-D5CC-4520-B0ED-ABA69245030F}.Release|x86.ActiveCfg = Release|x86
		{DF50A928-D5CC-4520-B0ED-ABA69245030F}.Release|x86.Build.0 = Release|x86
		{DF50A928-D5CC-4520-B0ED-ABA69245030F}.Release|x86.Deploy.0 = Release|x86
	EndGlobalSection
	GlobalSection(SolutionProperties) = preSolution
		HideSolutionNode = FALSE
	EndGlobalSection
	GlobalSection(ExtensibilityGlobals) = postSolution
		SolutionGuid = {6038693F-0602-4FE3-9881-1823C10622C7}
	EndGlobalSection
EndGlobal
